# This file is autogenerated, do not edit; changes may be undone by the next 'dep ensure'.


[[projects]]
  digest = "1:4ac694e3c97190908ded44391370e3d75b84a29e39f4adfec84f56c3c1572116"
  name = "github.com/buildkite/terminal-to-html"
  packages = ["."]
  pruneopts = "UT"
  revision = "1280e8d94db890e92c3d8dea45cccf8aa81fb0d3"
  version = "v3.2.0"

[solve-meta]
  analyzer-name = "dep"
  analyzer-version = 1
  input-imports = ["github.com/buildkite/terminal-to-html"]
  solver-name = "gps-cdcl"
  solver-version = 1
